
Microsoft Visual Studio Solution File, Format Version 12.00
Project("{FAE04EC0-301F-11D3-BF4B-00C04F79EFBC}") = "Whatsnew.Console", "Whatsnew.Console\Whatsnew.Console.csproj", "{396D0F00-E0A6-4ADE-85A3-F17A8C010669}"
EndProject
Project("{FAE04EC0-301F-11D3-BF4B-00C04F79EFBC}") = "Whatsnew.Tests", "Whatsnew.Tests\Whatsnew.Tests.csproj", "{AEF066B4-BAA3-4DDF-B99D-B75BD35F8697}"
EndProject
Global
	GlobalSection(SolutionConfigurationPlatforms) = preSolution
		Debug|Any CPU = Debug|Any CPU
		Release|Any CPU = Release|Any CPU
	EndGlobalSection
	GlobalSection(ProjectConfigurationPlatforms) = postSolution
		{396D0F00-E0A6-4ADE-85A3-F17A8C010669}.Debug|Any CPU.ActiveCfg = Debug|Any CPU
		{396D0F00-E0A6-4ADE-85A3-F17A8C010669}.Debug|Any CPU.Build.0 = Debug|Any CPU
		{396D0F00-E0A6-4ADE-85A3-F17A8C010669}.Release|Any CPU.ActiveCfg = Release|Any CPU
		{396D0F00-E0A6-4ADE-85A3-F17A8C010669}.Release|Any CPU.Build.0 = Release|Any CPU
		{AEF066B4-BAA3-4DDF-B99D-B75BD35F8697}.Debug|Any CPU.ActiveCfg = Debug|Any CPU
		{AEF066B4-BAA3-4DDF-B99D-B75BD35F8697}.Debug|Any CPU.Build.0 = Debug|Any CPU
		{AEF066B4-BAA3-4DDF-B99D-B75BD35F8697}.Release|Any CPU.ActiveCfg = Release|Any CPU
		{AEF066B4-BAA3-4DDF-B99D-B75BD35F8697}.Release|Any CPU.Build.0 = Release|Any CPU
	EndGlobalSection
EndGlobal
